
Microsoft Visual Studio Solution File, Format Version 12.00
# Visual Studio Version 17
VisualStudioVersion = 17.0.31903.59
MinimumVisualStudioVersion = 10.0.40219.1
Project("{2150E333-8FDC-42A3-9474-1A3956D46DE8}") = "src", "src", "{827E0CD3-B72D-47B6-A68D-7590B98EB39B}"
EndProject
Project("{FAE04EC0-301F-11D3-BF4B-00C04F79EFBC}") = "SITLLauncher.Core", "src\SITLLauncher.Core\SITLLauncher.Core.csproj", "{94949C72-D402-46BB-ADDC-205655AFF324}"
EndProject
Project("{FAE04EC0-301F-11D3-BF4B-00C04F79EFBC}") = "SITLLauncher.Desktop", "src\SITLLauncher.Desktop\SITLLauncher.Desktop.csproj", "{16DBA55D-ECE2-4A92-8376-4BEAA0645BC1}"
EndProject
Project("{FAE04EC0-301F-11D3-BF4B-00C04F79EFBC}") = "SITLLauncher.Core.Tests", "tests\SITLLauncher.Core.Tests\SITLLauncher.Core.Tests.csproj", "{6A2241DE-4D60-473A-A09F-496327B6E1B4}"
EndProject
Global
	GlobalSection(SolutionConfigurationPlatforms) = preSolution
		Debug|Any CPU = Debug|Any CPU
		Debug|x64 = Debug|x64
		Debug|x86 = Debug|x86
		Release|Any CPU = Release|Any CPU
		Release|x64 = Release|x64
		Release|x86 = Release|x86
	EndGlobalSection
	GlobalSection(ProjectConfigurationPlatforms) = postSolution
		{94949C72-D402-46BB-ADDC-205655AFF324}.Debug|Any CPU.ActiveCfg = Debug|Any CPU
		{94949C72-D402-46BB-ADDC-205655AFF324}.Debug|Any CPU.Build.0 = Debug|Any CPU
		{94949C72-D402-46BB-ADDC-205655AFF324}.Debug|x64.ActiveCfg = Debug|Any CPU
		{94949C72-D402-46BB-ADDC-205655AFF324}.Debug|x64.Build.0 = Debug|Any CPU
		{94949C72-D402-46BB-ADDC-205655AFF324}.Debug|x86.ActiveCfg = Debug|Any CPU
		{94949C72-D402-46BB-ADDC-205655AFF324}.Debug|x86.Build.0 = Debug|Any CPU
		{94949C72-D402-46BB-ADDC-205655AFF324}.Release|Any CPU.ActiveCfg = Release|Any CPU
		{94949C72-D402-46BB-ADDC-205655AFF324}.Release|Any CPU.Build.0 = Release|Any CPU
		{94949C72-D402-46BB-ADDC-205655AFF324}.Release|x64.ActiveCfg = Release|Any CPU
		{94949C72-D402-46BB-ADDC-205655AFF324}.Release|x64.Build.0 = Release|Any CPU
		{94949C72-D402-46BB-ADDC-205655AFF324}.Release|x86.ActiveCfg = Release|Any CPU
		{94949C72-D402-46BB-ADDC-205655AFF324}.Release|x86.Build.0 = Release|Any CPU
		{16DBA55D-ECE2-4A92-8376-4BEAA0645BC1}.Debug|Any CPU.ActiveCfg = Debug|Any CPU
		{16DBA55D-ECE2-4A92-8376-4BEAA0645BC1}.Debug|Any CPU.Build.0 = Debug|Any CPU
		{16DBA55D-ECE2-4A92-8376-4BEAA0645BC1}.Debug|x64.ActiveCfg = Debug|Any CPU
		{16DBA55D-ECE2-4A92-8376-4BEAA0645BC1}.Debug|x64.Build.0 = Debug|Any CPU
		{16DBA55D-ECE2-4A92-8376-4BEAA0645BC1}.Debug|x86.ActiveCfg = Debug|Any CPU
		{16DBA55D-ECE2-4A92-8376-4BEAA0645BC1}.Debug|x86.Build.0 = Debug|Any CPU
		{16DBA55D-ECE2-4A92-8376-4BEAA0645BC1}.Release|Any CPU.ActiveCfg = Release|Any CPU
		{16DBA55D-ECE2-4A92-8376-4BEAA0645BC1}.Release|Any CPU.Build.0 = Release|Any CPU
		{16DBA55D-ECE2-4A92-8376-4BEAA0645BC1}.Release|x64.ActiveCfg = Release|Any CPU
		{16DBA55D-ECE2-4A92-8376-4BEAA0645BC1}.Release|x64.Build.0 = Release|Any CPU
		{16DBA55D-ECE2-4A92-8376-4BEAA0645BC1}.Release|x86.ActiveCfg = Release|Any CPU
		{16DBA55D-ECE2-4A92-8376-4BEAA0645BC1}.Release|x86.Build.0 = Release|Any CPU
		{6A2241DE-4D60-473A-A09F-496327B6E1B4}.Debug|Any CPU.ActiveCfg = Debug|Any CPU
		{6A2241DE-4D60-473A-A09F-496327B6E1B4}.Debug|Any CPU.Build.0 = Debug|Any CPU
		{6A2241DE-4D60-473A-A09F-496327B6E1B4}.Debug|x64.ActiveCfg = Debug|Any CPU
		{6A2241DE-4D60-473A-A09F-496327B6E1B4}.Debug|x64.Build.0 = Debug|Any CPU
		{6A2241DE-4D60-473A-A09F-496327B6E1B4}.Debug|x86.ActiveCfg = Debug|Any CPU
		{6A2241DE-4D60-473A-A09F-496327B6E1B4}.Debug|x86.Build.0 = Debug|Any CPU
		{6A2241DE-4D60-473A-A09F-496327B6E1B4}.Release|Any CPU.ActiveCfg = Release|Any CPU
		{6A2241DE-4D60-473A-A09F-496327B6E1B4}.Release|Any CPU.Build.0 = Release|Any CPU
		{6A2241DE-4D60-473A-A09F-496327B6E1B4}.Release|x64.ActiveCfg = Release|Any CPU
		{6A2241DE-4D60-473A-A09F-496327B6E1B4}.Release|x64.Build.0 = Release|Any CPU
		{6A2241DE-4D60-473A-A09F-496327B6E1B4}.Release|x86.ActiveCfg = Release|Any CPU
		{6A2241DE-4D60-473A-A09F-496327B6E1B4}.Release|x86.Build.0 = Release|Any CPU
	EndGlobalSection
	GlobalSection(SolutionProperties) = preSolution
		HideSolutionNode = FALSE
	EndGlobalSection
	GlobalSection(NestedProjects) = preSolution
		{94949C72-D402-46BB-ADDC-205655AFF324} = {827E0CD3-B72D-47B6-A68D-7590B98EB39B}
		{16DBA55D-ECE2-4A92-8376-4BEAA0645BC1} = {827E0CD3-B72D-47B6-A68D-7590B98EB39B}
		{6A2241DE-4D60-473A-A09F-496327B6E1B4} = {827E0CD3-B72D-47B6-A68D-7590B98EB39B}
	EndGlobalSection
EndGlobal
